
Microsoft Visual Studio Solution File, Format Version 12.00
Project("{FAE04EC0-301F-11D3-BF4B-00C04F79EFBC}") = "Lumberjacking", "Lumberjacking\Lumberjacking.csproj", "{3FED9927-9CAF-4D3B-B992-44F009724EB9}"
EndProject
Global
	GlobalSection(SolutionConfigurationPlatforms) = preSolution
		Debug|Any CPU = Debug|Any CPU
		Release|Any CPU = Release|Any CPU
	EndGlobalSection
	GlobalSection(ProjectConfigurationPlatforms) = postSolution
		{3FED9927-9CAF-4D3B-B992-44F009724EB9}.Debug|Any CPU.ActiveCfg = Debug|Any CPU
		{3FED9927-9CAF-4D3B-B992-44F009724EB9}.Debug|Any CPU.Build.0 = Debug|Any CPU
		{3FED9927-9CAF-4D3B-B992-44F009724EB9}.Release|Any CPU.ActiveCfg = Release|Any CPU
		{3FED9927-9CAF-4D3B-B992-44F009724EB9}.Release|Any CPU.Build.0 = Release|Any CPU
	EndGlobalSection
EndGlobal
